// !$*UTF8*$!
{
	archiveVersion = 1;
	classes = {
	};
	objectVersion = 50;
	objects = {

/* Begin PBXBuildFile section */
		4C00891623A20929009CBC40 /* JsonData.swift in Sources */ = {isa = PBXBuildFile; fileRef = 4C00891523A20929009CBC40 /* JsonData.swift */; };
		4C07D6C023A2519F00B800A2 /* TollywoodMovieDetails.swift in Sources */ = {isa = PBXBuildFile; fileRef = 4C07D6BF23A2519F00B800A2 /* TollywoodMovieDetails.swift */; };
		4C07D6C223A2662200B800A2 /* Custom Objects.swift in Sources */ = {isa = PBXBuildFile; fileRef = 4C07D6C123A2662200B800A2 /* Custom Objects.swift */; };
		4C8244E823A49F5000BCE17B /* BollywoodMovieDetails.swift in Sources */ = {isa = PBXBuildFile; fileRef = 4C8244E723A49F5000BCE17B /* BollywoodMovieDetails.swift */; };
		4C8244ED23A49FAF00BCE17B /* HollywoodMovieDetails.swift in Sources */ = {isa = PBXBuildFile; fileRef = 4C8244EC23A49FAF00BCE17B /* HollywoodMovieDetails.swift */; };
		4CCFAB1F23A10DE300A63624 /* AppDelegate.swift in Sources */ = {isa = PBXBuildFile; fileRef = 4CCFAB1E23A10DE300A63624 /* AppDelegate.swift */; };
		4CCFAB2123A10DE300A63624 /* SceneDelegate.swift in Sources */ = {isa = PBXBuildFile; fileRef = 4CCFAB2023A10DE300A63624 /* SceneDelegate.swift */; };
		4CCFAB2323A10DE300A63624 /* MyTubeTollywoodMovies.swift in Sources */ = {isa = PBXBuildFile; fileRef = 4CCFAB2223A10DE300A63624 /* MyTubeTollywoodMovies.swift */; };
		4CCFAB2623A10DE300A63624 /* Main.storyboard in Resources */ = {isa = PBXBuildFile; fileRef = 4CCFAB2423A10DE300A63624 /* Main.storyboard */; };
		4CCFAB2823A10DEC00A63624 /* Assets.xcassets in Resources */ = {isa = PBXBuildFile; fileRef = 4CCFAB2723A10DEC00A63624 /* Assets.xcassets */; };
		4CCFAB2B23A10DEC00A63624 /* LaunchScreen.storyboard in Resources */ = {isa = PBXBuildFile; fileRef = 4CCFAB2923A10DEC00A63624 /* LaunchScreen.storyboard */; };
		4CCFAB3323A114F400A63624 /* MyTubeBollywoodMovies.swift in Sources */ = {isa = PBXBuildFile; fileRef = 4CCFAB3223A114F400A63624 /* MyTubeBollywoodMovies.swift */; };
		4CCFAB3523A1151800A63624 /* MyTubeHollywoodMovies.swift in Sources */ = {isa = PBXBuildFile; fileRef = 4CCFAB3423A1151800A63624 /* MyTubeHollywoodMovies.swift */; };
/* End PBXBuildFile section */

/* Begin PBXFileReference section */
		4C00891523A20929009CBC40 /* JsonData.swift */ = {isa = PBXFileReference; lastKnownFileType = sourcecode.swift; path = JsonData.swift; sourceTree = "<group>"; };
		4C07D6BF23A2519F00B800A2 /* TollywoodMovieDetails.swift */ = {isa = PBXFileReference; lastKnownFileType = sourcecode.swift; path = TollywoodMovieDetails.swift; sourceTree = "<group>"; };
		4C07D6C123A2662200B800A2 /* Custom Objects.swift */ = {isa = PBXFileReference; lastKnownFileType = sourcecode.swift; path = "Custom Objects.swift"; sourceTree = "<group>"; };
		4C8244E723A49F5000BCE17B /* BollywoodMovieDetails.swift */ = {isa = PBXFileReference; lastKnownFileType = sourcecode.swift; path = BollywoodMovieDetails.swift; sourceTree = "<group>"; };
		4C8244EC23A49FAF00BCE17B /* HollywoodMovieDetails.swift */ = {isa = PBXFileReference; lastKnownFileType = sourcecode.swift; path = HollywoodMovieDetails.swift; sourceTree = "<group>"; };
		4CCFAB1B23A10DE300A63624 /* NavigationVC_TabVC.app */ = {isa = PBXFileReference; explicitFileType = wrapper.application; includeInIndex = 0; path = NavigationVC_TabVC.app; sourceTree = BUILT_PRODUCTS_DIR; };
		4CCFAB1E23A10DE300A63624 /* AppDelegate.swift */ = {isa = PBXFileReference; lastKnownFileType = sourcecode.swift; path = AppDelegate.swift; sourceTree = "<group>"; };
		4CCFAB2023A10DE300A63624 /* SceneDelegate.swift */ = {isa = PBXFileReference; lastKnownFileType = sourcecode.swift; path = SceneDelegate.swift; sourceTree = "<group>"; };
		4CCFAB2223A10DE300A63624 /* MyTubeTollywoodMovies.swift */ = {isa = PBXFileReference; lastKnownFileType = sourcecode.swift; path = MyTubeTollywoodMovies.swift; sourceTree = "<group>"; };
		4CCFAB2523A10DE300A63624 /* Base */ = {isa = PBXFileReference; lastKnownFileType = file.storyboard; name = Base; path = Base.lproj/Main.storyboard; sourceTree = "<group>"; };
		4CCFAB2723A10DEC00A63624 /* Assets.xcassets */ = {isa = PBXFileReference; lastKnownFileType = folder.assetcatalog; path = Assets.xcassets; sourceTree = "<group>"; };
		4CCFAB2A23A10DEC00A63624 /* Base */ = {isa = PBXFileReference; lastKnownFileType = file.storyboard; name = Base; path = Base.lproj/LaunchScreen.storyboard; sourceTree = "<group>"; };
		4CCFAB2C23A10DEC00A63624 /* Info.plist */ = {isa = PBXFileReference; lastKnownFileType = text.plist.xml; path = Info.plist; sourceTree = "<group>"; };
		4CCFAB3223A114F400A63624 /* MyTubeBollywoodMovies.swift */ = {isa = PBXFileReference; lastKnownFileType = sourcecode.swift; path = MyTubeBollywoodMovies.swift; sourceTree = "<group>"; };
		4CCFAB3423A1151800A63624 /* MyTubeHollywoodMovies.swift */ = {isa = PBXFileReference; lastKnownFileType = sourcecode.swift; path = MyTubeHollywoodMovies.swift; sourceTree = "<group>"; };
/* End PBXFileReference section */

/* Begin PBXFrameworksBuildPhase section */
		4CCFAB1823A10DE300A63624 /* Frameworks */ = {
			isa = PBXFrameworksBuildPhase;
			buildActionMask = 2147483647;
			files = (
			);
			runOnlyForDeploymentPostprocessing = 0;
		};
/* End PBXFrameworksBuildPhase section */

/* Begin PBXGroup section */
		4C8244EA23A49F8400BCE17B /* Custom Objects */ = {
			isa = PBXGroup;
			children = (
				4C07D6C123A2662200B800A2 /* Custom Objects.swift */,
			);
			path = "Custom Objects";
			sourceTree = "<group>";
		};
		4C8244EB23A49F9600BCE17B /* Controllers */ = {
			isa = PBXGroup;
			children = (
				4CCFAB2223A10DE300A63624 /* MyTubeTollywoodMovies.swift */,
				4C07D6BF23A2519F00B800A2 /* TollywoodMovieDetails.swift */,
				4CCFAB3223A114F400A63624 /* MyTubeBollywoodMovies.swift */,
				4C8244E723A49F5000BCE17B /* BollywoodMovieDetails.swift */,
				4CCFAB3423A1151800A63624 /* MyTubeHollywoodMovies.swift */,
				4C8244EC23A49FAF00BCE17B /* HollywoodMovieDetails.swift */,
			);
			path = Controllers;
			sourceTree = "<group>";
		};
		4CCFAB1223A10DE200A63624 = {
			isa = PBXGroup;
			children = (
				4CCFAB1D23A10DE300A63624 /* NavigationVC_TabVC */,
				4CCFAB1C23A10DE300A63624 /* Products */,
			);
			sourceTree = "<group>";
		};
		4CCFAB1C23A10DE300A63624 /* Products */ = {
			isa = PBXGroup;
			children = (
				4CCFAB1B23A10DE300A63624 /* NavigationVC_TabVC.app */,
			);
			name = Products;
			sourceTree = "<group>";
		};
		4CCFAB1D23A10DE300A63624 /* NavigationVC_TabVC */ = {
			isa = PBXGroup;
			children = (
				4CCFAB1E23A10DE300A63624 /* AppDelegate.swift */,
				4CCFAB2023A10DE300A63624 /* SceneDelegate.swift */,
				4CFB66DB23DB335400C3DEE2 /* Singleton */,
				4C8244EA23A49F8400BCE17B /* Custom Objects */,
				4CFB66D923DB31CF00C3DEE2 /* Model */,
				4CFB66D823DB31B900C3DEE2 /* View */,
				4C8244EB23A49F9600BCE17B /* Controllers */,
				4CCFAB2723A10DEC00A63624 /* Assets.xcassets */,
				4CCFAB2C23A10DEC00A63624 /* Info.plist */,
			);
			path = NavigationVC_TabVC;
			sourceTree = "<group>";
		};
		4CFB66D823DB31B900C3DEE2 /* View */ = {
			isa = PBXGroup;
			children = (
				4CCFAB2423A10DE300A63624 /* Main.storyboard */,
				4CCFAB2923A10DEC00A63624 /* LaunchScreen.storyboard */,
			);
			name = View;
			sourceTree = "<group>";
		};
		4CFB66D923DB31CF00C3DEE2 /* Model */ = {
			isa = PBXGroup;
			children = (
			);
			path = Model;
			sourceTree = "<group>";
		};
		4CFB66DB23DB335400C3DEE2 /* Singleton */ = {
			isa = PBXGroup;
			children = (
				4C00891523A20929009CBC40 /* JsonData.swift */,
			);
			path = Singleton;
			sourceTree = "<group>";
		};
/* End PBXGroup section */

/* Begin PBXNativeTarget section */
		4CCFAB1A23A10DE300A63624 /* NavigationVC_TabVC */ = {
			isa = PBXNativeTarget;
			buildConfigurationList = 4CCFAB2F23A10DEC00A63624 /* Build configuration list for PBXNativeTarget "NavigationVC_TabVC" */;
			buildPhases = (
				4CCFAB1723A10DE300A63624 /* Sources */,
				4CCFAB1823A10DE300A63624 /* Frameworks */,
				4CCFAB1923A10DE300A63624 /* Resources */,
			);
			buildRules = (
			);
			dependencies = (
			);
			name = NavigationVC_TabVC;
			productName = NavigationVC_TabVC;
			productReference = 4CCFAB1B23A10DE300A63624 /* NavigationVC_TabVC.app */;
			productType = "com.apple.product-type.application";
		};
/* End PBXNativeTarget section */

/* Begin PBXProject section */
		4CCFAB1323A10DE200A63624 /* Project object */ = {
			isa = PBXProject;
			attributes = {
				LastSwiftUpdateCheck = 1120;
				LastUpgradeCheck = 1120;
				ORGANIZATIONNAME = "Ankam Ajay Kumar";
				TargetAttributes = {
					4CCFAB1A23A10DE300A63624 = {
						CreatedOnToolsVersion = 11.2.1;
					};
				};
			};
			buildConfigurationList = 4CCFAB1623A10DE200A63624 /* Build configuration list for PBXProject "NavigationVC_TabVC" */;
			compatibilityVersion = "Xcode 9.3";
			developmentRegion = en;
			hasScannedForEncodings = 0;
			knownRegions = (
				en,
				Base,
			);
			mainGroup = 4CCFAB1223A10DE200A63624;
			productRefGroup = 4CCFAB1C23A10DE300A63624 /* Products */;
			projectDirPath = "";
			projectRoot = "";
			targets = (
				4CCFAB1A23A10DE300A63624 /* NavigationVC_TabVC */,
			);
		};
/* End PBXProject section */

/* Begin PBXResourcesBuildPhase section */
		4CCFAB1923A10DE300A63624 /* Resources */ = {
			isa = PBXResourcesBuildPhase;
			buildActionMask = 2147483647;
			files = (
				4CCFAB2B23A10DEC00A63624 /* LaunchScreen.storyboard in Resources */,
				4CCFAB2823A10DEC00A63624 /* Assets.xcassets in Resources */,
				4CCFAB2623A10DE300A63624 /* Main.storyboard in Resources */,
			);
			runOnlyForDeploymentPostprocessing = 0;
		};
/* End PBXResourcesBuildPhase section */

/* Begin PBXSourcesBuildPhase section */
		4CCFAB1723A10DE300A63624 /* Sources */ = {
			isa = PBXSourcesBuildPhase;
			buildActionMask = 2147483647;
			files = (
				4CCFAB2323A10DE300A63624 /* MyTubeTollywoodMovies.swift in Sources */,
				4C8244E823A49F5000BCE17B /* BollywoodMovieDetails.swift in Sources */,
				4CCFAB1F23A10DE300A63624 /* AppDelegate.swift in Sources */,
				4CCFAB3323A114F400A63624 /* MyTubeBollywoodMovies.swift in Sources */,
				4C07D6C023A2519F00B800A2 /* TollywoodMovieDetails.swift in Sources */,
				4C07D6C223A2662200B800A2 /* Custom Objects.swift in Sources */,
				4C00891623A20929009CBC40 /* JsonData.swift in Sources */,
				4CCFAB3523A1151800A63624 /* MyTubeHollywoodMovies.swift in Sources */,
				4CCFAB2123A10DE300A63624 /* SceneDelegate.swift in Sources */,
				4C8244ED23A49FAF00BCE17B /* HollywoodMovieDetails.swift in Sources */,
			);
			runOnlyForDeploymentPostprocessing = 0;
		};
/* End PBXSourcesBuildPhase section */

/* Begin PBXVariantGroup section */
		4CCFAB2423A10DE300A63624 /* Main.storyboard */ = {
			isa = PBXVariantGroup;
			children = (
				4CCFAB2523A10DE300A63624 /* Base */,
			);
			name = Main.storyboard;
			sourceTree = "<group>";
		};
		4CCFAB2923A10DEC00A63624 /* LaunchScreen.storyboard */ = {
			isa = PBXVariantGroup;
			children = (
				4CCFAB2A23A10DEC00A63624 /* Base */,
			);
			name = LaunchScreen.storyboard;
			sourceTree = "<group>";
		};
/* End PBXVariantGroup section */

/* Begin XCBuildConfiguration section */
		4CCFAB2D23A10DEC00A63624 /* Debug */ = {
			isa = XCBuildConfiguration;
			buildSettings = {
				ALWAYS_SEARCH_USER_PATHS = NO;
				CLANG_ANALYZER_NONNULL = YES;
				CLANG_ANALYZER_NUMBER_OBJECT_CONVERSION = YES_AGGRESSIVE;
				CLANG_CXX_LANGUAGE_STANDARD = "gnu++14";
				CLANG_CXX_LIBRARY = "libc++";
				CLANG_ENABLE_MODULES = YES;
				CLANG_ENABLE_OBJC_ARC = YES;
				CLANG_ENABLE_OBJC_WEAK = YES;
				CLANG_WARN_BLOCK_CAPTURE_AUTORELEASING = YES;
				CLANG_WARN_BOOL_CONVERSION = YES;
				CLANG_WARN_COMMA = YES;
				CLANG_WARN_CONSTANT_CONVERSION = YES;
				CLANG_WARN_DEPRECATED_OBJC_IMPLEMENTATIONS = YES;
				CLANG_WARN_DIRECT_OBJC_ISA_USAGE = YES_ERROR;
				CLANG_WARN_DOCUMENTATION_COMMENTS = YES;
				CLANG_WARN_EMPTY_BODY = YES;
				CLANG_WARN_ENUM_CONVERSION = YES;
				CLANG_WARN_INFINITE_RECURSION = YES;
				CLANG_WARN_INT_CONVERSION = YES;
				CLANG_WARN_NON_LITERAL_NULL_CONVERSION = YES;
				CLANG_WARN_OBJC_IMPLICIT_RETAIN_SELF = YES;
				CLANG_WARN_OBJC_LITERAL_CONVERSION = YES;
				CLANG_WARN_OBJC_ROOT_CLASS = YES_ERROR;
				CLANG_WARN_RANGE_LOOP_ANALYSIS = YES;
				CLANG_WARN_STRICT_PROTOTYPES = YES;
				CLANG_WARN_SUSPICIOUS_MOVE = YES;
				CLANG_WARN_UNGUARDED_AVAILABILITY = YES_AGGRESSIVE;
				CLANG_WARN_UNREACHABLE_CODE = YES;
				CLANG_WARN__DUPLICATE_METHOD_MATCH = YES;
				COPY_PHASE_STRIP = NO;
				DEBUG_INFORMATION_FORMAT = dwarf;
				ENABLE_STRICT_OBJC_MSGSEND = YES;
				ENABLE_TESTABILITY = YES;
				GCC_C_LANGUAGE_STANDARD = gnu11;
				GCC_DYNAMIC_NO_PIC = NO;
				GCC_NO_COMMON_BLOCKS = YES;
				GCC_OPTIMIZATION_LEVEL = 0;
				GCC_PREPROCESSOR_DEFINITIONS = (
					"DEBUG=1",
					"$(inherited)",
				);
				GCC_WARN_64_TO_32_BIT_CONVERSION = YES;
				GCC_WARN_ABOUT_RETURN_TYPE = YES_ERROR;
				GCC_WARN_UNDECLARED_SELECTOR = YES;
				GCC_WARN_UNINITIALIZED_AUTOS = YES_AGGRESSIVE;
				GCC_WARN_UNUSED_FUNCTION = YES;
				GCC_WARN_UNUSED_VARIABLE = YES;
				IPHONEOS_DEPLOYMENT_TARGET = 13.2;
				MTL_ENABLE_DEBUG_INFO = INCLUDE_SOURCE;
				MTL_FAST_MATH = YES;
				ONLY_ACTIVE_ARCH = YES;
				SDKROOT = iphoneos;
				SWIFT_ACTIVE_COMPILATION_CONDITIONS = DEBUG;
				SWIFT_OPTIMIZATION_LEVEL = "-Onone";
			};
			name = Debug;
		};
		4CCFAB2E23A10DEC00A63624 /* Release */ = {
			isa = XCBuildConfiguration;
			buildSettings = {
				ALWAYS_SEARCH_USER_PATHS = NO;
				CLANG_ANALYZER_NONNULL = YES;
				CLANG_ANALYZER_NUMBER_OBJECT_CONVERSION = YES_AGGRESSIVE;
				CLANG_CXX_LANGUAGE_STANDARD = "gnu++14";
				CLANG_CXX_LIBRARY = "libc++";
				CLANG_ENABLE_MODULES = YES;
				CLANG_ENABLE_OBJC_ARC = YES;
				CLANG_ENABLE_OBJC_WEAK = YES;
				CLANG_WARN_BLOCK_CAPTURE_AUTORELEASING = YES;
				CLANG_WARN_BOOL_CONVERSION = YES;
				CLANG_WARN_COMMA = YES;
				CLANG_WARN_CONSTANT_CONVERSION = YES;
				CLANG_WARN_DEPRECATED_OBJC_IMPLEMENTATIONS = YES;
				CLANG_WARN_DIRECT_OBJC_ISA_USAGE = YES_ERROR;
				CLANG_WARN_DOCUMENTATION_COMMENTS = YES;
				CLANG_WARN_EMPTY_BODY = YES;
				CLANG_WARN_ENUM_CONVERSION = YES;
				CLANG_WARN_INFINITE_RECURSION = YES;
				CLANG_WARN_INT_CONVERSION = YES;
				CLANG_WARN_NON_LITERAL_NULL_CONVERSION = YES;
				CLANG_WARN_OBJC_IMPLICIT_RETAIN_SELF = YES;
				CLANG_WARN_OBJC_LITERAL_CONVERSION = YES;
				CLANG_WARN_OBJC_ROOT_CLASS = YES_ERROR;
				CLANG_WARN_RANGE_LOOP_ANALYSIS = YES;
				CLANG_WARN_STRICT_PROTOTYPES = YES;
				CLANG_WARN_SUSPICIOUS_MOVE = YES;
				CLANG_WARN_UNGUARDED_AVAILABILITY = YES_AGGRESSIVE;
				CLANG_WARN_UNREACHABLE_CODE = YES;
				CLANG_WARN__DUPLICATE_METHOD_MATCH = YES;
				COPY_PHASE_STRIP = NO;
				DEBUG_INFORMATION_FORMAT = "dwarf-with-dsym";
				ENABLE_NS_ASSERTIONS = NO;
				ENABLE_STRICT_OBJC_MSGSEND = YES;
				GCC_C_LANGUAGE_STANDARD = gnu11;
				GCC_NO_COMMON_BLOCKS = YES;
				GCC_WARN_64_TO_32_BIT_CONVERSION = YES;
				GCC_WARN_ABOUT_RETURN_TYPE = YES_ERROR;
				GCC_WARN_UNDECLARED_SELECTOR = YES;
				GCC_WARN_UNINITIALIZED_AUTOS = YES_AGGRESSIVE;
				GCC_WARN_UNUSED_FUNCTION = YES;
				GCC_WARN_UNUSED_VARIABLE = YES;
				IPHONEOS_DEPLOYMENT_TARGET = 13.2;
				MTL_ENABLE_DEBUG_INFO = NO;
				MTL_FAST_MATH = YES;
				SDKROOT = iphoneos;
				SWIFT_COMPILATION_MODE = wholemodule;
				SWIFT_OPTIMIZATION_LEVEL = "-O";
				VALIDATE_PRODUCT = YES;
			};
			name = Release;
		};
		4CCFAB3023A10DEC00A63624 /* Debug */ = {
			isa = XCBuildConfiguration;
			buildSettings = {
				ASSETCATALOG_COMPILER_APPICON_NAME = AppIcon;
				CODE_SIGN_STYLE = Automatic;
				INFOPLIST_FILE = NavigationVC_TabVC/Info.plist;
				LD_RUNPATH_SEARCH_PATHS = (
					"$(inherited)",
					"@executable_path/Frameworks",
				);
				PRODUCT_BUNDLE_IDENTIFIER = "Ankam-Ajay-Kumar.NavigationVC-TabVC";
				PRODUCT_NAME = "$(TARGET_NAME)";
				SWIFT_VERSION = 5.0;
				TARGETED_DEVICE_FAMILY = "1,2";
			};
			name = Debug;
		};
		4CCFAB3123A10DEC00A63624 /* Release */ = {
			isa = XCBuildConfiguration;
			buildSettings = {
				ASSETCATALOG_COMPILER_APPICON_NAME = AppIcon;
				CODE_SIGN_STYLE = Automatic;
				INFOPLIST_FILE = NavigationVC_TabVC/Info.plist;
				LD_RUNPATH_SEARCH_PATHS = (
					"$(inherited)",
					"@executable_path/Frameworks",
				);
				PRODUCT_BUNDLE_IDENTIFIER = "Ankam-Ajay-Kumar.NavigationVC-TabVC";
				PRODUCT_NAME = "$(TARGET_NAME)";
				SWIFT_VERSION = 5.0;
				TARGETED_DEVICE_FAMILY = "1,2";
			};
			name = Release;
		};
/* End XCBuildConfiguration section */

/* Begin XCConfigurationList section */
		4CCFAB1623A10DE200A63624 /* Build configuration list for PBXProject "NavigationVC_TabVC" */ = {
			isa = XCConfigurationList;
			buildConfigurations = (
				4CCFAB2D23A10DEC00A63624 /* Debug */,
				4CCFAB2E23A10DEC00A63624 /* Release */,
			);
			defaultConfigurationIsVisible = 0;
			defaultConfigurationName = Release;
		};
		4CCFAB2F23A10DEC00A63624 /* Build configuration list for PBXNativeTarget "NavigationVC_TabVC" */ = {
			isa = XCConfigurationList;
			buildConfigurations = (
				4CCFAB3023A10DEC00A63624 /* Debug */,
				4CCFAB3123A10DEC00A63624 /* Release */,
			);
			defaultConfigurationIsVisible = 0;
			defaultConfigurationName = Release;
		};
/* End XCConfigurationList section */
	};
	rootObject = 4CCFAB1323A10DE200A63624 /* Project object */;
}
